{
    "version": 3,
    "terraform_version": "0.9.0",
    "serial": 22,
    "lineage": "d9c00e67-ee2c-4b02-9a9e-57149190d647",
    "modules": [
        {
            "path": [
                "root"
            ],
            "outputs": {},
            "resources": {
                "datadog_monitor.foo": {
                    "type": "datadog_monitor",
                    "depends_on": [],
                    "primary": {
                        "id": "1764602",
                        "attributes": {
                            "escalation_message": "Escalation message @pagerduty",
                            "id": "1764602",
                            "include_tags": "true",
                            "locked": "false",
                            "message": "Monitor triggered. Notify: @hipchat-channel",
                            "name": "Name for monitor foo",
                            "new_host_delay": "300",
                            "no_data_timeframe": "0",
                            "notify_audit": "false",
                            "notify_no_data": "true",
                            "query": "avg(last_1m):abs(avg:system.mem.used{*}/avg:system.mem.total{*}) \u003e 0.9",
                            "renotify_interval": "60",
                            "require_full_window": "true",
                            "silenced.%": "1",
                            "silenced.*": "0",
                            "tags.#": "2",
                            "tags.0": "foo:bar",
                            "tags.1": "baz",
                            "thresholds.%": "3",
                            "thresholds.critical": "0.9",
                            "thresholds.ok": "0.0",
                            "thresholds.warning": "0.8",
                            "timeout_h": "60",
                            "type": "query alert"
                        },
                        "meta": {},
                        "tainted": false
                    },
                    "deposed": [],
                    "provider": ""
                }
            },
            "depends_on": []
        }
    ]
}
